
Microsoft Visual Studio Solution File, Format Version 12.00
# Visual Studio Version 16
VisualStudioVersion = 16.0.29503.13
MinimumVisualStudioVersion = 10.0.40219.1
Project("{FAE04EC0-301F-11D3-BF4B-00C04F79EFBC}") = "EfCoreGitHubIssue_14561", "EfCoreGitHubIssue_14561\EfCoreGitHubIssue_14561.csproj", "{EA9FFB2F-A004-4B9B-9147-775AA040E1B5}"
EndProject
Project("{FAE04EC0-301F-11D3-BF4B-00C04F79EFBC}") = "Database", "Database\Database.csproj", "{02B28BAC-0C76-4C09-8F05-9881E3E8753A}"
EndProject
Global
	GlobalSection(SolutionConfigurationPlatforms) = preSolution
		Debug|Any CPU = Debug|Any CPU
		Release|Any CPU = Release|Any CPU
	EndGlobalSection
	GlobalSection(ProjectConfigurationPlatforms) = postSolution
		{EA9FFB2F-A004-4B9B-9147-775AA040E1B5}.Debug|Any CPU.ActiveCfg = Debug|Any CPU
		{EA9FFB2F-A004-4B9B-9147-775AA040E1B5}.Debug|Any CPU.Build.0 = Debug|Any CPU
		{EA9FFB2F-A004-4B9B-9147-775AA040E1B5}.Release|Any CPU.ActiveCfg = Release|Any CPU
		{EA9FFB2F-A004-4B9B-9147-775AA040E1B5}.Release|Any CPU.Build.0 = Release|Any CPU
		{02B28BAC-0C76-4C09-8F05-9881E3E8753A}.Debug|Any CPU.ActiveCfg = Debug|Any CPU
		{02B28BAC-0C76-4C09-8F05-9881E3E8753A}.Debug|Any CPU.Build.0 = Debug|Any CPU
		{02B28BAC-0C76-4C09-8F05-9881E3E8753A}.Release|Any CPU.ActiveCfg = Release|Any CPU
		{02B28BAC-0C76-4C09-8F05-9881E3E8753A}.Release|Any CPU.Build.0 = Release|Any CPU
	EndGlobalSection
	GlobalSection(SolutionProperties) = preSolution
		HideSolutionNode = FALSE
	EndGlobalSection
	GlobalSection(ExtensibilityGlobals) = postSolution
		SolutionGuid = {DD68B65C-601F-4BA5-90EA-05D233CAA6E8}
	EndGlobalSection
EndGlobal
